// !$*UTF8*$!
{
	archiveVersion = 1;
	classes = {
	};
	objectVersion = 46;
	objects = {

/* Begin PBXBuildFile section */
		3D01F5A11AF94A0600525B72 /* MoviesViewController.swift in Sources */ = {isa = PBXBuildFile; fileRef = 3D01F5A01AF94A0600525B72 /* MoviesViewController.swift */; };
		3DB2DB451AF9477F009F3F86 /* AppDelegate.swift in Sources */ = {isa = PBXBuildFile; fileRef = 3DB2DB441AF9477F009F3F86 /* AppDelegate.swift */; };
		3DB2DB4A1AF9477F009F3F86 /* Main.storyboard in Resources */ = {isa = PBXBuildFile; fileRef = 3DB2DB481AF9477F009F3F86 /* Main.storyboard */; };
		3DB2DB4C1AF9477F009F3F86 /* Images.xcassets in Resources */ = {isa = PBXBuildFile; fileRef = 3DB2DB4B1AF9477F009F3F86 /* Images.xcassets */; };
		3DB2DB4F1AF9477F009F3F86 /* LaunchScreen.xib in Resources */ = {isa = PBXBuildFile; fileRef = 3DB2DB4D1AF9477F009F3F86 /* LaunchScreen.xib */; };
		3DB2DB5B1AF94780009F3F86 /* Rotten_TomatoesTests.swift in Sources */ = {isa = PBXBuildFile; fileRef = 3DB2DB5A1AF94780009F3F86 /* Rotten_TomatoesTests.swift */; };
/* End PBXBuildFile section */

/* Begin PBXContainerItemProxy section */
		3DB2DB551AF9477F009F3F86 /* PBXContainerItemProxy */ = {
			isa = PBXContainerItemProxy;
			containerPortal = 3DB2DB371AF9477F009F3F86 /* Project object */;
			proxyType = 1;
			remoteGlobalIDString = 3DB2DB3E1AF9477F009F3F86;
			remoteInfo = "Rotten Tomatoes";
		};
/* End PBXContainerItemProxy section */

/* Begin PBXFileReference section */
		3D01F5A01AF94A0600525B72 /* MoviesViewController.swift */ = {isa = PBXFileReference; fileEncoding = 4; lastKnownFileType = sourcecode.swift; path = MoviesViewController.swift; sourceTree = "<group>"; };
		3DB2DB3F1AF9477F009F3F86 /* Rotten Tomatoes.app */ = {isa = PBXFileReference; explicitFileType = wrapper.application; includeInIndex = 0; path = "Rotten Tomatoes.app"; sourceTree = BUILT_PRODUCTS_DIR; };
		3DB2DB431AF9477F009F3F86 /* Info.plist */ = {isa = PBXFileReference; lastKnownFileType = text.plist.xml; path = Info.plist; sourceTree = "<group>"; };
		3DB2DB441AF9477F009F3F86 /* AppDelegate.swift */ = {isa = PBXFileReference; lastKnownFileType = sourcecode.swift; path = AppDelegate.swift; sourceTree = "<group>"; };
		3DB2DB491AF9477F009F3F86 /* Base */ = {isa = PBXFileReference; lastKnownFileType = file.storyboard; name = Base; path = Base.lproj/Main.storyboard; sourceTree = "<group>"; };
		3DB2DB4B1AF9477F009F3F86 /* Images.xcassets */ = {isa = PBXFileReference; lastKnownFileType = folder.assetcatalog; path = Images.xcassets; sourceTree = "<group>"; };
		3DB2DB4E1AF9477F009F3F86 /* Base */ = {isa = PBXFileReference; lastKnownFileType = file.xib; name = Base; path = Base.lproj/LaunchScreen.xib; sourceTree = "<group>"; };
		3DB2DB541AF9477F009F3F86 /* Rotten TomatoesTests.xctest */ = {isa = PBXFileReference; explicitFileType = wrapper.cfbundle; includeInIndex = 0; path = "Rotten TomatoesTests.xctest"; sourceTree = BUILT_PRODUCTS_DIR; };
		3DB2DB591AF94780009F3F86 /* Info.plist */ = {isa = PBXFileReference; lastKnownFileType = text.plist.xml; path = Info.plist; sourceTree = "<group>"; };
		3DB2DB5A1AF94780009F3F86 /* Rotten_TomatoesTests.swift */ = {isa = PBXFileReference; lastKnownFileType = sourcecode.swift; path = Rotten_TomatoesTests.swift; sourceTree = "<group>"; };
/* End PBXFileReference section */

/* Begin PBXFrameworksBuildPhase section */
		3DB2DB3C1AF9477F009F3F86 /* Frameworks */ = {
			isa = PBXFrameworksBuildPhase;
			buildActionMask = 2147483647;
			files = (
			);
			runOnlyForDeploymentPostprocessing = 0;
		};
		3DB2DB511AF9477F009F3F86 /* Frameworks */ = {
			isa = PBXFrameworksBuildPhase;
			buildActionMask = 2147483647;
			files = (
			);
			runOnlyForDeploymentPostprocessing = 0;
		};
/* End PBXFrameworksBuildPhase section */

/* Begin PBXGroup section */
		3D01F5A21AF94A2900525B72 /* View Controllers */ = {
			isa = PBXGroup;
			children = (
				3D01F5A01AF94A0600525B72 /* MoviesViewController.swift */,
			);
			name = "View Controllers";
			sourceTree = "<group>";
		};
		3DB2DB361AF9477F009F3F86 = {
			isa = PBXGroup;
			children = (
				3DB2DB411AF9477F009F3F86 /* Rotten Tomatoes */,
				3DB2DB571AF9477F009F3F86 /* Rotten TomatoesTests */,
				3DB2DB401AF9477F009F3F86 /* Products */,
			);
			sourceTree = "<group>";
		};
		3DB2DB401AF9477F009F3F86 /* Products */ = {
			isa = PBXGroup;
			children = (
				3DB2DB3F1AF9477F009F3F86 /* Rotten Tomatoes.app */,
				3DB2DB541AF9477F009F3F86 /* Rotten TomatoesTests.xctest */,
			);
			name = Products;
			sourceTree = "<group>";
		};
		3DB2DB411AF9477F009F3F86 /* Rotten Tomatoes */ = {
			isa = PBXGroup;
			children = (
				3D01F5A21AF94A2900525B72 /* View Controllers */,
				3DB2DB441AF9477F009F3F86 /* AppDelegate.swift */,
				3DB2DB481AF9477F009F3F86 /* Main.storyboard */,
				3DB2DB4B1AF9477F009F3F86 /* Images.xcassets */,
				3DB2DB4D1AF9477F009F3F86 /* LaunchScreen.xib */,
				3DB2DB421AF9477F009F3F86 /* Supporting Files */,
			);
			path = "Rotten Tomatoes";
			sourceTree = "<group>";
		};
		3DB2DB421AF9477F009F3F86 /* Supporting Files */ = {
			isa = PBXGroup;
			children = (
				3DB2DB431AF9477F009F3F86 /* Info.plist */,
			);
			name = "Supporting Files";
			sourceTree = "<group>";
		};
		3DB2DB571AF9477F009F3F86 /* Rotten TomatoesTests */ = {
			isa = PBXGroup;
			children = (
				3DB2DB5A1AF94780009F3F86 /* Rotten_TomatoesTests.swift */,
				3DB2DB581AF94780009F3F86 /* Supporting Files */,
			);
			path = "Rotten TomatoesTests";
			sourceTree = "<group>";
		};
		3DB2DB581AF94780009F3F86 /* Supporting Files */ = {
			isa = PBXGroup;
			children = (
				3DB2DB591AF94780009F3F86 /* Info.plist */,
			);
			name = "Supporting Files";
			sourceTree = "<group>";
		};
/* End PBXGroup section */

/* Begin PBXNativeTarget section */
		3DB2DB3E1AF9477F009F3F86 /* Rotten Tomatoes */ = {
			isa = PBXNativeTarget;
			buildConfigurationList = 3DB2DB5E1AF94780009F3F86 /* Build configuration list for PBXNativeTarget "Rotten Tomatoes" */;
			buildPhases = (
				3DB2DB3B1AF9477F009F3F86 /* Sources */,
				3DB2DB3C1AF9477F009F3F86 /* Frameworks */,
				3DB2DB3D1AF9477F009F3F86 /* Resources */,
			);
			buildRules = (
			);
			dependencies = (
			);
			name = "Rotten Tomatoes";
			productName = "Rotten Tomatoes";
			productReference = 3DB2DB3F1AF9477F009F3F86 /* Rotten Tomatoes.app */;
			productType = "com.apple.product-type.application";
		};
		3DB2DB531AF9477F009F3F86 /* Rotten TomatoesTests */ = {
			isa = PBXNativeTarget;
			buildConfigurationList = 3DB2DB611AF94780009F3F86 /* Build configuration list for PBXNativeTarget "Rotten TomatoesTests" */;
			buildPhases = (
				3DB2DB501AF9477F009F3F86 /* Sources */,
				3DB2DB511AF9477F009F3F86 /* Frameworks */,
				3DB2DB521AF9477F009F3F86 /* Resources */,
			);
			buildRules = (
			);
			dependencies = (
				3DB2DB561AF9477F009F3F86 /* PBXTargetDependency */,
			);
			name = "Rotten TomatoesTests";
			productName = "Rotten TomatoesTests";
			productReference = 3DB2DB541AF9477F009F3F86 /* Rotten TomatoesTests.xctest */;
			productType = "com.apple.product-type.bundle.unit-test";
		};
/* End PBXNativeTarget section */

/* Begin PBXProject section */
		3DB2DB371AF9477F009F3F86 /* Project object */ = {
			isa = PBXProject;
			attributes = {
				LastUpgradeCheck = 0630;
				ORGANIZATIONNAME = "Marcus J. Ellison";
				TargetAttributes = {
					3DB2DB3E1AF9477F009F3F86 = {
						CreatedOnToolsVersion = 6.3.1;
					};
					3DB2DB531AF9477F009F3F86 = {
						CreatedOnToolsVersion = 6.3.1;
						TestTargetID = 3DB2DB3E1AF9477F009F3F86;
					};
				};
			};
			buildConfigurationList = 3DB2DB3A1AF9477F009F3F86 /* Build configuration list for PBXProject "Rotten Tomatoes" */;
			compatibilityVersion = "Xcode 3.2";
			developmentRegion = English;
			hasScannedForEncodings = 0;
			knownRegions = (
				en,
				Base,
			);
			mainGroup = 3DB2DB361AF9477F009F3F86;
			productRefGroup = 3DB2DB401AF9477F009F3F86 /* Products */;
			projectDirPath = "";
			projectRoot = "";
			targets = (
				3DB2DB3E1AF9477F009F3F86 /* Rotten Tomatoes */,
				3DB2DB531AF9477F009F3F86 /* Rotten TomatoesTests */,
			);
		};
/* End PBXProject section */

/* Begin PBXResourcesBuildPhase section */
		3DB2DB3D1AF9477F009F3F86 /* Resources */ = {
			isa = PBXResourcesBuildPhase;
			buildActionMask = 2147483647;
			files = (
				3DB2DB4A1AF9477F009F3F86 /* Main.storyboard in Resources */,
				3DB2DB4F1AF9477F009F3F86 /* LaunchScreen.xib in Resources */,
				3DB2DB4C1AF9477F009F3F86 /* Images.xcassets in Resources */,
			);
			runOnlyForDeploymentPostprocessing = 0;
		};
		3DB2DB521AF9477F009F3F86 /* Resources */ = {
			isa = PBXResourcesBuildPhase;
			buildActionMask = 2147483647;
			files = (
			);
			runOnlyForDeploymentPostprocessing = 0;
		};
/* End PBXResourcesBuildPhase section */

/* Begin PBXSourcesBuildPhase section */
		3DB2DB3B1AF9477F009F3F86 /* Sources */ = {
			isa = PBXSourcesBuildPhase;
			buildActionMask = 2147483647;
			files = (
				3DB2DB451AF9477F009F3F86 /* AppDelegate.swift in Sources */,
				3D01F5A11AF94A0600525B72 /* MoviesViewController.swift in Sources */,
			);
			runOnlyForDeploymentPostprocessing = 0;
		};
		3DB2DB501AF9477F009F3F86 /* Sources */ = {
			isa = PBXSourcesBuildPhase;
			buildActionMask = 2147483647;
			files = (
				3DB2DB5B1AF94780009F3F86 /* Rotten_TomatoesTests.swift in Sources */,
			);
			runOnlyForDeploymentPostprocessing = 0;
		};
/* End PBXSourcesBuildPhase section */

/* Begin PBXTargetDependency section */
		3DB2DB561AF9477F009F3F86 /* PBXTargetDependency */ = {
			isa = PBXTargetDependency;
			target = 3DB2DB3E1AF9477F009F3F86 /* Rotten Tomatoes */;
			targetProxy = 3DB2DB551AF9477F009F3F86 /* PBXContainerItemProxy */;
		};
/* End PBXTargetDependency section */

/* Begin PBXVariantGroup section */
		3DB2DB481AF9477F009F3F86 /* Main.storyboard */ = {
			isa = PBXVariantGroup;
			children = (
				3DB2DB491AF9477F009F3F86 /* Base */,
			);
			name = Main.storyboard;
			sourceTree = "<group>";
		};
		3DB2DB4D1AF9477F009F3F86 /* LaunchScreen.xib */ = {
			isa = PBXVariantGroup;
			children = (
				3DB2DB4E1AF9477F009F3F86 /* Base */,
			);
			name = LaunchScreen.xib;
			sourceTree = "<group>";
		};
/* End PBXVariantGroup section */

/* Begin XCBuildConfiguration section */
		3DB2DB5C1AF94780009F3F86 /* Debug */ = {
			isa = XCBuildConfiguration;
			buildSettings = {
				ALWAYS_SEARCH_USER_PATHS = NO;
				CLANG_CXX_LANGUAGE_STANDARD = "gnu++0x";
				CLANG_CXX_LIBRARY = "libc++";
				CLANG_ENABLE_MODULES = YES;
				CLANG_ENABLE_OBJC_ARC = YES;
				CLANG_WARN_BOOL_CONVERSION = YES;
				CLANG_WARN_CONSTANT_CONVERSION = YES;
				CLANG_WARN_DIRECT_OBJC_ISA_USAGE = YES_ERROR;
				CLANG_WARN_EMPTY_BODY = YES;
				CLANG_WARN_ENUM_CONVERSION = YES;
				CLANG_WARN_INT_CONVERSION = YES;
				CLANG_WARN_OBJC_ROOT_CLASS = YES_ERROR;
				CLANG_WARN_UNREACHABLE_CODE = YES;
				CLANG_WARN__DUPLICATE_METHOD_MATCH = YES;
				"CODE_SIGN_IDENTITY[sdk=iphoneos*]" = "iPhone Developer";
				COPY_PHASE_STRIP = NO;
				DEBUG_INFORMATION_FORMAT = "dwarf-with-dsym";
				ENABLE_STRICT_OBJC_MSGSEND = YES;
				GCC_C_LANGUAGE_STANDARD = gnu99;
				GCC_DYNAMIC_NO_PIC = NO;
				GCC_NO_COMMON_BLOCKS = YES;
				GCC_OPTIMIZATION_LEVEL = 0;
				GCC_PREPROCESSOR_DEFINITIONS = (
					"DEBUG=1",
					"$(inherited)",
				);
				GCC_SYMBOLS_PRIVATE_EXTERN = NO;
				GCC_WARN_64_TO_32_BIT_CONVERSION = YES;
				GCC_WARN_ABOUT_RETURN_TYPE = YES_ERROR;
				GCC_WARN_UNDECLARED_SELECTOR = YES;
				GCC_WARN_UNINITIALIZED_AUTOS = YES_AGGRESSIVE;
				GCC_WARN_UNUSED_FUNCTION = YES;
				GCC_WARN_UNUSED_VARIABLE = YES;
				IPHONEOS_DEPLOYMENT_TARGET = 8.3;
				MTL_ENABLE_DEBUG_INFO = YES;
				ONLY_ACTIVE_ARCH = YES;
				SDKROOT = iphoneos;
				SWIFT_OPTIMIZATION_LEVEL = "-Onone";
			};
			name = Debug;
		};
		3DB2DB5D1AF94780009F3F86 /* Release */ = {
			isa = XCBuildConfiguration;
			buildSettings = {
				ALWAYS_SEARCH_USER_PATHS = NO;
				CLANG_CXX_LANGUAGE_STANDARD = "gnu++0x";
				CLANG_CXX_LIBRARY = "libc++";
				CLANG_ENABLE_MODULES = YES;
				CLANG_ENABLE_OBJC_ARC = YES;
				CLANG_WARN_BOOL_CONVERSION = YES;
				CLANG_WARN_CONSTANT_CONVERSION = YES;
				CLANG_WARN_DIRECT_OBJC_ISA_USAGE = YES_ERROR;
				CLANG_WARN_EMPTY_BODY = YES;
				CLANG_WARN_ENUM_CONVERSION = YES;
				CLANG_WARN_INT_CONVERSION = YES;
				CLANG_WARN_OBJC_ROOT_CLASS = YES_ERROR;
				CLANG_WARN_UNREACHABLE_CODE = YES;
				CLANG_WARN__DUPLICATE_METHOD_MATCH = YES;
				"CODE_SIGN_IDENTITY[sdk=iphoneos*]" = "iPhone Developer";
				COPY_PHASE_STRIP = NO;
				DEBUG_INFORMATION_FORMAT = "dwarf-with-dsym";
				ENABLE_NS_ASSERTIONS = NO;
				ENABLE_STRICT_OBJC_MSGSEND = YES;
				GCC_C_LANGUAGE_STANDARD = gnu99;
				GCC_NO_COMMON_BLOCKS = YES;
				GCC_WARN_64_TO_32_BIT_CONVERSION = YES;
				GCC_WARN_ABOUT_RETURN_TYPE = YES_ERROR;
				GCC_WARN_UNDECLARED_SELECTOR = YES;
				GCC_WARN_UNINITIALIZED_AUTOS = YES_AGGRESSIVE;
				GCC_WARN_UNUSED_FUNCTION = YES;
				GCC_WARN_UNUSED_VARIABLE = YES;
				IPHONEOS_DEPLOYMENT_TARGET = 8.3;
				MTL_ENABLE_DEBUG_INFO = NO;
				SDKROOT = iphoneos;
				VALIDATE_PRODUCT = YES;
			};
			name = Release;
		};
		3DB2DB5F1AF94780009F3F86 /* Debug */ = {
			isa = XCBuildConfiguration;
			buildSettings = {
				ASSETCATALOG_COMPILER_APPICON_NAME = AppIcon;
				INFOPLIST_FILE = "Rotten Tomatoes/Info.plist";
				LD_RUNPATH_SEARCH_PATHS = "$(inherited) @executable_path/Frameworks";
				PRODUCT_NAME = "$(TARGET_NAME)";
			};
			name = Debug;
		};
		3DB2DB601AF94780009F3F86 /* Release */ = {
			isa = XCBuildConfiguration;
			buildSettings = {
				ASSETCATALOG_COMPILER_APPICON_NAME = AppIcon;
				INFOPLIST_FILE = "Rotten Tomatoes/Info.plist";
				LD_RUNPATH_SEARCH_PATHS = "$(inherited) @executable_path/Frameworks";
				PRODUCT_NAME = "$(TARGET_NAME)";
			};
			name = Release;
		};
		3DB2DB621AF94780009F3F86 /* Debug */ = {
			isa = XCBuildConfiguration;
			buildSettings = {
				BUNDLE_LOADER = "$(TEST_HOST)";
				FRAMEWORK_SEARCH_PATHS = (
					"$(SDKROOT)/Developer/Library/Frameworks",
					"$(inherited)",
				);
				GCC_PREPROCESSOR_DEFINITIONS = (
					"DEBUG=1",
					"$(inherited)",
				);
				INFOPLIST_FILE = "Rotten TomatoesTests/Info.plist";
				LD_RUNPATH_SEARCH_PATHS = "$(inherited) @executable_path/Frameworks @loader_path/Frameworks";
				PRODUCT_NAME = "$(TARGET_NAME)";
				TEST_HOST = "$(BUILT_PRODUCTS_DIR)/Rotten Tomatoes.app/Rotten Tomatoes";
			};
			name = Debug;
		};
		3DB2DB631AF94780009F3F86 /* Release */ = {
			isa = XCBuildConfiguration;
			buildSettings = {
				BUNDLE_LOADER = "$(TEST_HOST)";
				FRAMEWORK_SEARCH_PATHS = (
					"$(SDKROOT)/Developer/Library/Frameworks",
					"$(inherited)",
				);
				INFOPLIST_FILE = "Rotten TomatoesTests/Info.plist";
				LD_RUNPATH_SEARCH_PATHS = "$(inherited) @executable_path/Frameworks @loader_path/Frameworks";
				PRODUCT_NAME = "$(TARGET_NAME)";
				TEST_HOST = "$(BUILT_PRODUCTS_DIR)/Rotten Tomatoes.app/Rotten Tomatoes";
			};
			name = Release;
		};
/* End XCBuildConfiguration section */

/* Begin XCConfigurationList section */
		3DB2DB3A1AF9477F009F3F86 /* Build configuration list for PBXProject "Rotten Tomatoes" */ = {
			isa = XCConfigurationList;
			buildConfigurations = (
				3DB2DB5C1AF94780009F3F86 /* Debug */,
				3DB2DB5D1AF94780009F3F86 /* Release */,
			);
			defaultConfigurationIsVisible = 0;
			defaultConfigurationName = Release;
		};
		3DB2DB5E1AF94780009F3F86 /* Build configuration list for PBXNativeTarget "Rotten Tomatoes" */ = {
			isa = XCConfigurationList;
			buildConfigurations = (
				3DB2DB5F1AF94780009F3F86 /* Debug */,
				3DB2DB601AF94780009F3F86 /* Release */,
			);
			defaultConfigurationIsVisible = 0;
			defaultConfigurationName = Release;
		};
		3DB2DB611AF94780009F3F86 /* Build configuration list for PBXNativeTarget "Rotten TomatoesTests" */ = {
			isa = XCConfigurationList;
			buildConfigurations = (
				3DB2DB621AF94780009F3F86 /* Debug */,
				3DB2DB631AF94780009F3F86 /* Release */,
			);
			defaultConfigurationIsVisible = 0;
			defaultConfigurationName = Release;
		};
/* End XCConfigurationList section */
	};
	rootObject = 3DB2DB371AF9477F009F3F86 /* Project object */;
}
